[[package]]
name = "figlet"
version = "0.0.1"
description = "Develop soon"
category = "main"
optional = false
python-versions = ">=3.3.0"

[[package]]
name = "python-dateutil"
version = "2.8.2"
description = "Extensions to the standard Python datetime module"
category = "main"
optional = false
python-versions = "!=3.0.*,!=3.1.*,!=3.2.*,>=2.7"

[package.dependencies]
six = ">=1.5"

[[package]]
name = "six"
version = "1.16.0"
description = "Python 2 and 3 compatibility utilities"
category = "main"
optional = false
python-versions = ">=2.7, !=3.0.*, !=3.1.*, !=3.2.*"

[[package]]
name = "validator"
version = "0.7.1"
description = "Python Validator"
category = "main"
optional = false
python-versions = "*"

[package.dependencies]
python-dateutil = "*"

[metadata]
lock-version = "1.1"
python-versions = "^3.10"
content-hash = "60538abc136d73dd0c4f0c13065807dd7809756a5ecaf7ca0e27da32281b0398"

[metadata.files]
figlet = [
    {file = "figlet-0.0.1-py3-none-any.whl", hash = "sha256:e8e6a5d1b8280d6db60c51b7a3c87c06a06035540be3a42f517511e61ae7d9f8"},
    {file = "figlet-0.0.1.tar.gz", hash = "sha256:e9d94f756468b0601eb649a4e24670bb85c57b7e6dcf3dea18d075a528604c4e"},
]
python-dateutil = [
    {file = "python-dateutil-2.8.2.tar.gz", hash = "sha256:0123cacc1627ae19ddf3c27a5de5bd67ee4586fbdd6440d9748f8abb483d3e86"},
    {file = "python_dateutil-2.8.2-py2.py3-none-any.whl", hash = "sha256:961d03dc3453ebbc59dbdea9e4e11c5651520a876d0f4db161e8674aae935da9"},
]
six = [
    {file = "six-1.16.0-py2.py3-none-any.whl", hash = "sha256:8abb2f1d86890a2dfb989f9a77cfcfd3e47c2a354b01111771326f8aa26e0254"},
    {file = "six-1.16.0.tar.gz", hash = "sha256:1e61c37477a1626458e36f7b1d82aa5c9b094fa4802892072e49de9c60c4c926"},
]
validator = [
    {file = "validator-0.7.1-py3-none-any.whl", hash = "sha256:bd333e36c1bd07dfa8ad0ecc64d141cbc1863d07e033ab84eada333cb154f4bd"},
    {file = "validator-0.7.1.tar.gz", hash = "sha256:926714169dc82a233a68041c395bc12e49d2c4cd7d6103ff3fb3565bd7f66d06"},
]
