# This file is automatically @generated by Poetry 1.6.1 and should not be changed by hand.

[[package]]
name = "gitdb"
version = "4.0.9"
description = "Git Object Database"
optional = false
python-versions = ">=3.6"
files = [
    {file = "gitdb-4.0.9-py3-none-any.whl", hash = "sha256:8033ad4e853066ba6ca92050b9df2f89301b8fc8bf7e9324d412a63f8bf1a8fd"},
    {file = "gitdb-4.0.9.tar.gz", hash = "sha256:bac2fd45c0a1c9cf619e63a90d62bdc63892ef92387424b855792a6cabe789aa"},
]

[package.dependencies]
smmap = ">=3.0.1,<6"

[[package]]
name = "gitpython"
version = "3.1.34"
description = "GitPython is a Python library used to interact with Git repositories"
optional = false
python-versions = ">=3.7"
files = [
    {file = "GitPython-3.1.34-py3-none-any.whl", hash = "sha256:5d3802b98a3bae1c2b8ae0e1ff2e4aa16bcdf02c145da34d092324f599f01395"},
    {file = "GitPython-3.1.34.tar.gz", hash = "sha256:85f7d365d1f6bf677ae51039c1ef67ca59091c7ebd5a3509aa399d4eda02d6dd"},
]

[package.dependencies]
gitdb = ">=4.0.1,<5"

[[package]]
name = "pyfiglet"
version = "0.8.post1"
description = "Pure-python FIGlet implementation"
optional = false
python-versions = "*"
files = [
    {file = "pyfiglet-0.8.post1-py2.py3-none-any.whl", hash = "sha256:d555bcea17fbeaf70eaefa48bb119352487e629c9b56f30f383e2c62dd67a01c"},
    {file = "pyfiglet-0.8.post1.tar.gz", hash = "sha256:c6c2321755d09267b438ec7b936825a4910fec696292139e664ca8670e103639"},
]

[[package]]
name = "smmap"
version = "5.0.0"
description = "A pure Python implementation of a sliding window memory map manager"
optional = false
python-versions = ">=3.6"
files = [
    {file = "smmap-5.0.0-py3-none-any.whl", hash = "sha256:2aba19d6a040e78d8b09de5c57e96207b09ed71d8e55ce0959eeee6c8e190d94"},
    {file = "smmap-5.0.0.tar.gz", hash = "sha256:c840e62059cd3be204b0c9c9f74be2c09d5648eddd4580d9314c3ecde0b30936"},
]

[metadata]
lock-version = "2.0"
python-versions = "^3.8"
content-hash = "cb358f41abd0c0175f3f69d67eeef68111df83bdcf4d8f9837368daa8dc1329f"
